{
  "name": "voiceversus",
  "version": "1.0.0",
  "lockfileVersion": 3,
  "requires": true,
  "packages": {
    "": {
      "name": "voiceversus",
      "version": "1.0.0",
      "license": "ISC",
      "workspaces": [
        "--yes"
      ]
    },
    "--yes": {
      "version": "1.0.0",
      "license": "ISC"
    },
    "node_modules/--yes": {
      "resolved": "--yes",
      "link": true
    }
  }
}
